
Microsoft Visual Studio Solution File, Format Version 12.00
# Visual Studio 15
VisualStudioVersion = 15.0.28010.2026
MinimumVisualStudioVersion = 10.0.40219.1
Project("{9092AA53-FB77-4645-B42D-1CCCA6BD08BD}") = "HelloWorld", "HelloWorld\HelloWorld.njsproj", "{2E9E4E75-67F6-434A-A4B4-3EA35D98F187}"
EndProject
Global
	GlobalSection(SolutionConfigurationPlatforms) = preSolution
		Debug|Any CPU = Debug|Any CPU
		Release|Any CPU = Release|Any CPU
	EndGlobalSection
	GlobalSection(ProjectConfigurationPlatforms) = postSolution
		{2E9E4E75-67F6-434A-A4B4-3EA35D98F187}.Debug|Any CPU.ActiveCfg = Debug|Any CPU
		{2E9E4E75-67F6-434A-A4B4-3EA35D98F187}.Debug|Any CPU.Build.0 = Debug|Any CPU
		{2E9E4E75-67F6-434A-A4B4-3EA35D98F187}.Release|Any CPU.ActiveCfg = Release|Any CPU
		{2E9E4E75-67F6-434A-A4B4-3EA35D98F187}.Release|Any CPU.Build.0 = Release|Any CPU
	EndGlobalSection
	GlobalSection(SolutionProperties) = preSolution
		HideSolutionNode = FALSE
	EndGlobalSection
	GlobalSection(ExtensibilityGlobals) = postSolution
		SolutionGuid = {7B91F1F8-F9B3-4593-8B56-BF10A4927EED}
	EndGlobalSection
EndGlobal
